
Microsoft Visual Studio Solution File, Format Version 12.00
# Visual Studio Version 17
VisualStudioVersion = 17.14.37328.6 d17.14
MinimumVisualStudioVersion = 10.0.40219.1
Project("{FAE04EC0-301F-11D3-BF4B-00C04F79EFBC}") = "KanbanBoard.Api", "KanbanBoard.Api.csproj", "{48FF15CC-CDFB-4BB5-B0AC-03F21E8B700D}"
EndProject
Project("{FAE04EC0-301F-11D3-BF4B-00C04F79EFBC}") = "KanbanBoard.Client", "..\KanbanBoard.Client\KanbanBoard.Client.csproj", "{F1B366E5-6C79-4FD9-A1A1-A485CF1C946B}"
EndProject
Project("{FAE04EC0-301F-11D3-BF4B-00C04F79EFBC}") = "KanbanBoard.Tests", "..\KanbanBoard.Tests\KanbanBoard.Tests.csproj", "{866BF7B4-7B5C-43EC-9B82-80E7025E8AA7}"
EndProject
Global
	GlobalSection(SolutionConfigurationPlatforms) = preSolution
		Debug|Any CPU = Debug|Any CPU
		Release|Any CPU = Release|Any CPU
	EndGlobalSection
	GlobalSection(ProjectConfigurationPlatforms) = postSolution
		{48FF15CC-CDFB-4BB5-B0AC-03F21E8B700D}.Debug|Any CPU.ActiveCfg = Debug|Any CPU
		{48FF15CC-CDFB-4BB5-B0AC-03F21E8B700D}.Debug|Any CPU.Build.0 = Debug|Any CPU
		{48FF15CC-CDFB-4BB5-B0AC-03F21E8B700D}.Release|Any CPU.ActiveCfg = Release|Any CPU
		{48FF15CC-CDFB-4BB5-B0AC-03F21E8B700D}.Release|Any CPU.Build.0 = Release|Any CPU
		{F1B366E5-6C79-4FD9-A1A1-A485CF1C946B}.Debug|Any CPU.ActiveCfg = Debug|Any CPU
		{F1B366E5-6C79-4FD9-A1A1-A485CF1C946B}.Debug|Any CPU.Build.0 = Debug|Any CPU
		{F1B366E5-6C79-4FD9-A1A1-A485CF1C946B}.Release|Any CPU.ActiveCfg = Release|Any CPU
		{F1B366E5-6C79-4FD9-A1A1-A485CF1C946B}.Release|Any CPU.Build.0 = Release|Any CPU
		{866BF7B4-7B5C-43EC-9B82-80E7025E8AA7}.Debug|Any CPU.ActiveCfg = Debug|Any CPU
		{866BF7B4-7B5C-43EC-9B82-80E7025E8AA7}.Debug|Any CPU.Build.0 = Debug|Any CPU
		{866BF7B4-7B5C-43EC-9B82-80E7025E8AA7}.Release|Any CPU.ActiveCfg = Release|Any CPU
		{866BF7B4-7B5C-43EC-9B82-80E7025E8AA7}.Release|Any CPU.Build.0 = Release|Any CPU
	EndGlobalSection
	GlobalSection(SolutionProperties) = preSolution
		HideSolutionNode = FALSE
	EndGlobalSection
	GlobalSection(ExtensibilityGlobals) = postSolution
		SolutionGuid = {E0F0E0ED-95AC-4165-8FCE-4470B1AF86BF}
	EndGlobalSection
EndGlobal
